
Microsoft Visual Studio Solution File, Format Version 12.00
# Visual Studio Version 17
VisualStudioVersion = 17.8.34309.116
MinimumVisualStudioVersion = 10.0.40219.1
Project("{FAE04EC0-301F-11D3-BF4B-00C04F79EFBC}") = "RegistartionWizard", "RegistartionWizard.csproj", "{1180579F-98E4-4756-9622-2E8B4D416806}"
EndProject
Global
	GlobalSection(SolutionConfigurationPlatforms) = preSolution
		Debug|Any CPU = Debug|Any CPU
		Release|Any CPU = Release|Any CPU
	EndGlobalSection
	GlobalSection(ProjectConfigurationPlatforms) = postSolution
		{1180579F-98E4-4756-9622-2E8B4D416806}.Debug|Any CPU.ActiveCfg = Debug|Any CPU
		{1180579F-98E4-4756-9622-2E8B4D416806}.Debug|Any CPU.Build.0 = Debug|Any CPU
		{1180579F-98E4-4756-9622-2E8B4D416806}.Release|Any CPU.ActiveCfg = Release|Any CPU
		{1180579F-98E4-4756-9622-2E8B4D416806}.Release|Any CPU.Build.0 = Release|Any CPU
	EndGlobalSection
	GlobalSection(SolutionProperties) = preSolution
		HideSolutionNode = FALSE
	EndGlobalSection
	GlobalSection(ExtensibilityGlobals) = postSolution
		SolutionGuid = {94FFDA59-C886-4F5D-A3D8-99E67F327AED}
	EndGlobalSection
EndGlobal
